
Microsoft Visual Studio Solution File, Format Version 12.00
# Visual Studio Version 17
VisualStudioVersion = 17.0.31912.275
MinimumVisualStudioVersion = 10.0.40219.1
Project("{FAE04EC0-301F-11D3-BF4B-00C04F79EFBC}") = "PresentationLayer", "WindowsFormsApp1\PresentationLayer.csproj", "{EA6CCA21-E334-4DBC-9BEF-F57B94B0FC57}"
EndProject
Project("{FAE04EC0-301F-11D3-BF4B-00C04F79EFBC}") = "DataLayer", "DataLayer\DataLayer.csproj", "{0487DD98-970A-4C0A-B402-1BE9FE782F08}"
EndProject
Project("{FAE04EC0-301F-11D3-BF4B-00C04F79EFBC}") = "BusinessLayer", "BusinessLayer\BusinessLayer.csproj", "{B1F069C9-B8D6-4885-8AA5-1AF682A35360}"
EndProject
Global
	GlobalSection(SolutionConfigurationPlatforms) = preSolution
		Debug|Any CPU = Debug|Any CPU
		Release|Any CPU = Release|Any CPU
	EndGlobalSection
	GlobalSection(ProjectConfigurationPlatforms) = postSolution
		{EA6CCA21-E334-4DBC-9BEF-F57B94B0FC57}.Debug|Any CPU.ActiveCfg = Debug|Any CPU
		{EA6CCA21-E334-4DBC-9BEF-F57B94B0FC57}.Debug|Any CPU.Build.0 = Debug|Any CPU
		{EA6CCA21-E334-4DBC-9BEF-F57B94B0FC57}.Release|Any CPU.ActiveCfg = Release|Any CPU
		{EA6CCA21-E334-4DBC-9BEF-F57B94B0FC57}.Release|Any CPU.Build.0 = Release|Any CPU
		{0487DD98-970A-4C0A-B402-1BE9FE782F08}.Debug|Any CPU.ActiveCfg = Debug|Any CPU
		{0487DD98-970A-4C0A-B402-1BE9FE782F08}.Debug|Any CPU.Build.0 = Debug|Any CPU
		{0487DD98-970A-4C0A-B402-1BE9FE782F08}.Release|Any CPU.ActiveCfg = Release|Any CPU
		{0487DD98-970A-4C0A-B402-1BE9FE782F08}.Release|Any CPU.Build.0 = Release|Any CPU
		{B1F069C9-B8D6-4885-8AA5-1AF682A35360}.Debug|Any CPU.ActiveCfg = Debug|Any CPU
		{B1F069C9-B8D6-4885-8AA5-1AF682A35360}.Debug|Any CPU.Build.0 = Debug|Any CPU
		{B1F069C9-B8D6-4885-8AA5-1AF682A35360}.Release|Any CPU.ActiveCfg = Release|Any CPU
		{B1F069C9-B8D6-4885-8AA5-1AF682A35360}.Release|Any CPU.Build.0 = Release|Any CPU
	EndGlobalSection
	GlobalSection(SolutionProperties) = preSolution
		HideSolutionNode = FALSE
	EndGlobalSection
	GlobalSection(ExtensibilityGlobals) = postSolution
		SolutionGuid = {CFFC55E1-D246-4323-9FBA-D617D593501D}
	EndGlobalSection
EndGlobal
